
Microsoft Visual Studio Solution File, Format Version 12.00
# Visual Studio Version 17
VisualStudioVersion = 17.4.33213.308
MinimumVisualStudioVersion = 10.0.40219.1
Project("{FAE04EC0-301F-11D3-BF4B-00C04F79EFBC}") = "ZooShopMVC", "ZooShopMVC\ZooShopMVC.csproj", "{C835C4FA-77F9-4475-9452-3D1AD6D31203}"
EndProject
Global
	GlobalSection(SolutionConfigurationPlatforms) = preSolution
		Debug|Any CPU = Debug|Any CPU
		Release|Any CPU = Release|Any CPU
	EndGlobalSection
	GlobalSection(ProjectConfigurationPlatforms) = postSolution
		{C835C4FA-77F9-4475-9452-3D1AD6D31203}.Debug|Any CPU.ActiveCfg = Debug|Any CPU
		{C835C4FA-77F9-4475-9452-3D1AD6D31203}.Debug|Any CPU.Build.0 = Debug|Any CPU
		{C835C4FA-77F9-4475-9452-3D1AD6D31203}.Release|Any CPU.ActiveCfg = Release|Any CPU
		{C835C4FA-77F9-4475-9452-3D1AD6D31203}.Release|Any CPU.Build.0 = Release|Any CPU
	EndGlobalSection
	GlobalSection(SolutionProperties) = preSolution
		HideSolutionNode = FALSE
	EndGlobalSection
	GlobalSection(ExtensibilityGlobals) = postSolution
		SolutionGuid = {ECB47F12-47E5-47B6-82E7-B25CA2D78872}
	EndGlobalSection
EndGlobal
